
Microsoft Visual Studio Solution File, Format Version 12.00
# Visual Studio Version 18
VisualStudioVersion = 18.0.11222.15 d18.0
MinimumVisualStudioVersion = 10.0.40219.1
Project("{2150E333-8FDC-42A3-9474-1A3956D46DE8}") = "Solution Items", "Solution Items", "{8EC462FD-D22E-90A8-E5CE-7E832BA40C5D}"
	ProjectSection(SolutionItems) = preProject
		.editorconfig = .editorconfig
		.gitattributes = .gitattributes
		.gitignore = .gitignore
		Directory.Packages.props = Directory.Packages.props
		LICENSE = LICENSE
	EndProjectSection
EndProject
Project("{2150E333-8FDC-42A3-9474-1A3956D46DE8}") = "src", "src", "{4828B60D-A9CF-4669-A021-4DDF8E9F4A64}"
EndProject
Project("{2150E333-8FDC-42A3-9474-1A3956D46DE8}") = "tests", "tests", "{1584530F-65F0-4A46-BB70-2238EAC7DD14}"
EndProject
Project("{FAE04EC0-301F-11D3-BF4B-00C04F79EFBC}") = "SharpDb", "src\SharpDb\SharpDb.csproj", "{1207D949-7A28-653D-4889-E1A67E079EBE}"
EndProject
Project("{FAE04EC0-301F-11D3-BF4B-00C04F79EFBC}") = "SharpDb.Cryptography", "src\SharpDb.Cryptography\SharpDb.Cryptography.csproj", "{70B1F5A8-684D-9113-B35E-B1A0924BD60B}"
EndProject
Project("{FAE04EC0-301F-11D3-BF4B-00C04F79EFBC}") = "SharpDb.EntityFrameworkCore", "src\SharpDb.EntityFrameworkCore\SharpDb.EntityFrameworkCore.csproj", "{ABEE7085-BB5A-CD7A-CE6F-C5CF1BC157FC}"
EndProject
Project("{F2A71F9B-5D33-465A-A702-920D77279786}") = "SharpDb.Tests", "tests\SharpDb.Tests\SharpDb.Tests.fsproj", "{20F6E2CC-77E2-4057-97D4-364EA865FEE8}"
EndProject
Project("{F2A71F9B-5D33-465A-A702-920D77279786}") = "SharpDb.Cryptography.Tests", "tests\SharpDb.Cryptography.Tests\SharpDb.Cryptography.Tests.fsproj", "{C7ED9F30-582D-4E2E-BC68-798AD138FC66}"
EndProject
Project("{F2A71F9B-5D33-465A-A702-920D77279786}") = "SharpDb.EntityFrameworkCore.Tests", "tests\SharpDb.EntityFrameworkCore.Tests\SharpDb.EntityFrameworkCore.Tests.fsproj", "{20ADC9FA-2C5D-4686-B2F7-578066A3DD79}"
EndProject
Global
	GlobalSection(SolutionConfigurationPlatforms) = preSolution
		Debug|Any CPU = Debug|Any CPU
		Release|Any CPU = Release|Any CPU
	EndGlobalSection
	GlobalSection(ProjectConfigurationPlatforms) = postSolution
		{1207D949-7A28-653D-4889-E1A67E079EBE}.Debug|Any CPU.ActiveCfg = Debug|Any CPU
		{1207D949-7A28-653D-4889-E1A67E079EBE}.Debug|Any CPU.Build.0 = Debug|Any CPU
		{1207D949-7A28-653D-4889-E1A67E079EBE}.Release|Any CPU.ActiveCfg = Release|Any CPU
		{1207D949-7A28-653D-4889-E1A67E079EBE}.Release|Any CPU.Build.0 = Release|Any CPU
		{70B1F5A8-684D-9113-B35E-B1A0924BD60B}.Debug|Any CPU.ActiveCfg = Debug|Any CPU
		{70B1F5A8-684D-9113-B35E-B1A0924BD60B}.Debug|Any CPU.Build.0 = Debug|Any CPU
		{70B1F5A8-684D-9113-B35E-B1A0924BD60B}.Release|Any CPU.ActiveCfg = Release|Any CPU
		{70B1F5A8-684D-9113-B35E-B1A0924BD60B}.Release|Any CPU.Build.0 = Release|Any CPU
		{ABEE7085-BB5A-CD7A-CE6F-C5CF1BC157FC}.Debug|Any CPU.ActiveCfg = Debug|Any CPU
		{ABEE7085-BB5A-CD7A-CE6F-C5CF1BC157FC}.Debug|Any CPU.Build.0 = Debug|Any CPU
		{ABEE7085-BB5A-CD7A-CE6F-C5CF1BC157FC}.Release|Any CPU.ActiveCfg = Release|Any CPU
		{ABEE7085-BB5A-CD7A-CE6F-C5CF1BC157FC}.Release|Any CPU.Build.0 = Release|Any CPU
		{20F6E2CC-77E2-4057-97D4-364EA865FEE8}.Debug|Any CPU.ActiveCfg = Debug|Any CPU
		{20F6E2CC-77E2-4057-97D4-364EA865FEE8}.Debug|Any CPU.Build.0 = Debug|Any CPU
		{20F6E2CC-77E2-4057-97D4-364EA865FEE8}.Release|Any CPU.ActiveCfg = Release|Any CPU
		{20F6E2CC-77E2-4057-97D4-364EA865FEE8}.Release|Any CPU.Build.0 = Release|Any CPU
		{C7ED9F30-582D-4E2E-BC68-798AD138FC66}.Debug|Any CPU.ActiveCfg = Debug|Any CPU
		{C7ED9F30-582D-4E2E-BC68-798AD138FC66}.Debug|Any CPU.Build.0 = Debug|Any CPU
		{C7ED9F30-582D-4E2E-BC68-798AD138FC66}.Release|Any CPU.ActiveCfg = Release|Any CPU
		{C7ED9F30-582D-4E2E-BC68-798AD138FC66}.Release|Any CPU.Build.0 = Release|Any CPU
		{20ADC9FA-2C5D-4686-B2F7-578066A3DD79}.Debug|Any CPU.ActiveCfg = Debug|Any CPU
		{20ADC9FA-2C5D-4686-B2F7-578066A3DD79}.Debug|Any CPU.Build.0 = Debug|Any CPU
		{20ADC9FA-2C5D-4686-B2F7-578066A3DD79}.Release|Any CPU.ActiveCfg = Release|Any CPU
		{20ADC9FA-2C5D-4686-B2F7-578066A3DD79}.Release|Any CPU.Build.0 = Release|Any CPU
	EndGlobalSection
	GlobalSection(SolutionProperties) = preSolution
		HideSolutionNode = FALSE
	EndGlobalSection
	GlobalSection(NestedProjects) = preSolution
		{1207D949-7A28-653D-4889-E1A67E079EBE} = {4828B60D-A9CF-4669-A021-4DDF8E9F4A64}
		{70B1F5A8-684D-9113-B35E-B1A0924BD60B} = {4828B60D-A9CF-4669-A021-4DDF8E9F4A64}
		{ABEE7085-BB5A-CD7A-CE6F-C5CF1BC157FC} = {4828B60D-A9CF-4669-A021-4DDF8E9F4A64}
		{20F6E2CC-77E2-4057-97D4-364EA865FEE8} = {1584530F-65F0-4A46-BB70-2238EAC7DD14}
		{C7ED9F30-582D-4E2E-BC68-798AD138FC66} = {1584530F-65F0-4A46-BB70-2238EAC7DD14}
		{20ADC9FA-2C5D-4686-B2F7-578066A3DD79} = {1584530F-65F0-4A46-BB70-2238EAC7DD14}
	EndGlobalSection
	GlobalSection(ExtensibilityGlobals) = postSolution
		SolutionGuid = {598F69AE-2185-4700-B001-44B0AEB9EE10}
	EndGlobalSection
EndGlobal
